{
  "name": "amplify-function-hotswap-plugin",
  "version": "1.0.0",
  "lockfileVersion": 2,
  "requires": true,
  "packages": {
    "": {
      "name": "amplify-function-hotswap-plugin",
      "version": "1.0.0",
      "license": "ISC",
      "dependencies": {
        "node-watch": "^0.7.2"
      }
    },
    "node_modules/node-watch": {
      "version": "0.7.2",
      "resolved": "https://registry.npmjs.org/node-watch/-/node-watch-0.7.2.tgz",
      "integrity": "sha512-g53VjSARRv1JdST0LZRIg8RiuLr1TaBbVPsVvxh0/0Ymvi0xYUjDuoqQQAWtHJQUXhiShowPT/aXKNeHBcyQsw==",
      "engines": {
        "node": ">=6"
      }
    }
  },
  "dependencies": {
    "node-watch": {
      "version": "0.7.2",
      "resolved": "https://registry.npmjs.org/node-watch/-/node-watch-0.7.2.tgz",
      "integrity": "sha512-g53VjSARRv1JdST0LZRIg8RiuLr1TaBbVPsVvxh0/0Ymvi0xYUjDuoqQQAWtHJQUXhiShowPT/aXKNeHBcyQsw=="
    }
  }
}
